// !$*UTF8*$!
{
	archiveVersion = 1;
	classes = {
	};
	objectVersion = 55;
	objects = {

/* Begin PBXBuildFile section */
		420F5C1F289E911200DF1E7B /* PageScreen.xib in Resources */ = {isa = PBXBuildFile; fileRef = 420F5C1E289E911200DF1E7B /* PageScreen.xib */; };
		420F5C23289F008600DF1E7B /* PageViewController.swift in Sources */ = {isa = PBXBuildFile; fileRef = 420F5C22289F008600DF1E7B /* PageViewController.swift */; };
		420F5C27289F02CB00DF1E7B /* CaruselViewController.swift in Sources */ = {isa = PBXBuildFile; fileRef = 420F5C26289F02CB00DF1E7B /* CaruselViewController.swift */; };
		420F5C2A289FA8CC00DF1E7B /* MainRouter.swift in Sources */ = {isa = PBXBuildFile; fileRef = 420F5C29289FA8CC00DF1E7B /* MainRouter.swift */; };
		420F5C2D289FA90700DF1E7B /* Router.swift in Sources */ = {isa = PBXBuildFile; fileRef = 420F5C2C289FA90700DF1E7B /* Router.swift */; };
		423B007528A030620072D976 /* AlertService.swift in Sources */ = {isa = PBXBuildFile; fileRef = 423B007428A030620072D976 /* AlertService.swift */; };
		427C522A289E6DC200C563CA /* Inter-Medium.otf in Resources */ = {isa = PBXBuildFile; fileRef = 427C5227289E6DC200C563CA /* Inter-Medium.otf */; };
		427C522B289E6DC200C563CA /* Inter-Light.otf in Resources */ = {isa = PBXBuildFile; fileRef = 427C5228289E6DC200C563CA /* Inter-Light.otf */; };
		427C522C289E6DC200C563CA /* Inter-Bold.otf in Resources */ = {isa = PBXBuildFile; fileRef = 427C5229289E6DC200C563CA /* Inter-Bold.otf */; };
		427C5230289E70DA00C563CA /* MainFlowCoordinator.swift in Sources */ = {isa = PBXBuildFile; fileRef = 427C522F289E70DA00C563CA /* MainFlowCoordinator.swift */; };
		42AE069E289FFA9100838187 /* TimerSceen.xib in Resources */ = {isa = PBXBuildFile; fileRef = 42AE069D289FFA9100838187 /* TimerSceen.xib */; };
		42AE06A1289FFEDE00838187 /* TimerViewController.swift in Sources */ = {isa = PBXBuildFile; fileRef = 42AE06A0289FFEDE00838187 /* TimerViewController.swift */; };
		42B0FC33289E6B2000BE12BF /* AppDelegate.swift in Sources */ = {isa = PBXBuildFile; fileRef = 42B0FC32289E6B2000BE12BF /* AppDelegate.swift */; };
		42B0FC37289E6B2000BE12BF /* StartViewController.swift in Sources */ = {isa = PBXBuildFile; fileRef = 42B0FC36289E6B2000BE12BF /* StartViewController.swift */; };
		42B0FC3C289E6B2100BE12BF /* Assets.xcassets in Resources */ = {isa = PBXBuildFile; fileRef = 42B0FC3B289E6B2100BE12BF /* Assets.xcassets */; };
		42B0FC47289E6B6800BE12BF /* StartScreen.xib in Resources */ = {isa = PBXBuildFile; fileRef = 42B0FC46289E6B6800BE12BF /* StartScreen.xib */; };
		42BB288D28A062D200641419 /* Inter-SemiBold.otf in Resources */ = {isa = PBXBuildFile; fileRef = 42BB288C28A0623000641419 /* Inter-SemiBold.otf */; };
		42BB289528A06CC900641419 /* LaunchScreen.storyboard in Resources */ = {isa = PBXBuildFile; fileRef = 42BB289428A06CC900641419 /* LaunchScreen.storyboard */; };
/* End PBXBuildFile section */

/* Begin PBXFileReference section */
		420F5C1E289E911200DF1E7B /* PageScreen.xib */ = {isa = PBXFileReference; lastKnownFileType = file.xib; path = PageScreen.xib; sourceTree = "<group>"; };
		420F5C21289E924A00DF1E7B /* Inter-Regular.otf */ = {isa = PBXFileReference; lastKnownFileType = file; path = "Inter-Regular.otf"; sourceTree = "<group>"; };
		420F5C22289F008600DF1E7B /* PageViewController.swift */ = {isa = PBXFileReference; lastKnownFileType = sourcecode.swift; path = PageViewController.swift; sourceTree = "<group>"; };
		420F5C26289F02CB00DF1E7B /* CaruselViewController.swift */ = {isa = PBXFileReference; lastKnownFileType = sourcecode.swift; path = CaruselViewController.swift; sourceTree = "<group>"; };
		420F5C29289FA8CC00DF1E7B /* MainRouter.swift */ = {isa = PBXFileReference; lastKnownFileType = sourcecode.swift; path = MainRouter.swift; sourceTree = "<group>"; };
		420F5C2C289FA90700DF1E7B /* Router.swift */ = {isa = PBXFileReference; lastKnownFileType = sourcecode.swift; path = Router.swift; sourceTree = "<group>"; };
		423B007428A030620072D976 /* AlertService.swift */ = {isa = PBXFileReference; lastKnownFileType = sourcecode.swift; path = AlertService.swift; sourceTree = "<group>"; };
		427C5227289E6DC200C563CA /* Inter-Medium.otf */ = {isa = PBXFileReference; lastKnownFileType = file; path = "Inter-Medium.otf"; sourceTree = "<group>"; };
		427C5228289E6DC200C563CA /* Inter-Light.otf */ = {isa = PBXFileReference; lastKnownFileType = file; path = "Inter-Light.otf"; sourceTree = "<group>"; };
		427C5229289E6DC200C563CA /* Inter-Bold.otf */ = {isa = PBXFileReference; lastKnownFileType = file; path = "Inter-Bold.otf"; sourceTree = "<group>"; };
		427C522F289E70DA00C563CA /* MainFlowCoordinator.swift */ = {isa = PBXFileReference; lastKnownFileType = sourcecode.swift; path = MainFlowCoordinator.swift; sourceTree = "<group>"; };
		42AE069D289FFA9100838187 /* TimerSceen.xib */ = {isa = PBXFileReference; lastKnownFileType = file.xib; path = TimerSceen.xib; sourceTree = "<group>"; };
		42AE06A0289FFEDE00838187 /* TimerViewController.swift */ = {isa = PBXFileReference; lastKnownFileType = sourcecode.swift; path = TimerViewController.swift; sourceTree = "<group>"; };
		42B0FC2F289E6B2000BE12BF /* ImpulseTask.app */ = {isa = PBXFileReference; explicitFileType = wrapper.application; includeInIndex = 0; path = ImpulseTask.app; sourceTree = BUILT_PRODUCTS_DIR; };
		42B0FC32289E6B2000BE12BF /* AppDelegate.swift */ = {isa = PBXFileReference; lastKnownFileType = sourcecode.swift; path = AppDelegate.swift; sourceTree = "<group>"; };
		42B0FC36289E6B2000BE12BF /* StartViewController.swift */ = {isa = PBXFileReference; lastKnownFileType = sourcecode.swift; path = StartViewController.swift; sourceTree = "<group>"; };
		42B0FC3B289E6B2100BE12BF /* Assets.xcassets */ = {isa = PBXFileReference; lastKnownFileType = folder.assetcatalog; path = Assets.xcassets; sourceTree = "<group>"; };
		42B0FC40289E6B2100BE12BF /* Info.plist */ = {isa = PBXFileReference; lastKnownFileType = text.plist.xml; path = Info.plist; sourceTree = "<group>"; };
		42B0FC46289E6B6800BE12BF /* StartScreen.xib */ = {isa = PBXFileReference; lastKnownFileType = file.xib; path = StartScreen.xib; sourceTree = "<group>"; };
		42BB288C28A0623000641419 /* Inter-SemiBold.otf */ = {isa = PBXFileReference; lastKnownFileType = file; path = "Inter-SemiBold.otf"; sourceTree = "<group>"; };
		42BB289428A06CC900641419 /* LaunchScreen.storyboard */ = {isa = PBXFileReference; fileEncoding = 4; lastKnownFileType = file.storyboard; path = LaunchScreen.storyboard; sourceTree = "<group>"; };
/* End PBXFileReference section */

/* Begin PBXFrameworksBuildPhase section */
		42B0FC2C289E6B2000BE12BF /* Frameworks */ = {
			isa = PBXFrameworksBuildPhase;
			buildActionMask = 2147483647;
			files = (
			);
			runOnlyForDeploymentPostprocessing = 0;
		};
/* End PBXFrameworksBuildPhase section */

/* Begin PBXGroup section */
		420F5C20289E911E00DF1E7B /* Screens */ = {
			isa = PBXGroup;
			children = (
				42B0FC46289E6B6800BE12BF /* StartScreen.xib */,
				420F5C1E289E911200DF1E7B /* PageScreen.xib */,
				42AE069D289FFA9100838187 /* TimerSceen.xib */,
			);
			path = Screens;
			sourceTree = "<group>";
		};
		420F5C28289FA64F00DF1E7B /* Controllers */ = {
			isa = PBXGroup;
			children = (
				42B0FC36289E6B2000BE12BF /* StartViewController.swift */,
				420F5C26289F02CB00DF1E7B /* CaruselViewController.swift */,
				420F5C22289F008600DF1E7B /* PageViewController.swift */,
				42AE06A0289FFEDE00838187 /* TimerViewController.swift */,
			);
			path = Controllers;
			sourceTree = "<group>";
		};
		420F5C2B289FA8FA00DF1E7B /* Router */ = {
			isa = PBXGroup;
			children = (
				420F5C2C289FA90700DF1E7B /* Router.swift */,
				420F5C29289FA8CC00DF1E7B /* MainRouter.swift */,
			);
			path = Router;
			sourceTree = "<group>";
		};
		427C522D289E6DDF00C563CA /* Fonts */ = {
			isa = PBXGroup;
			children = (
				427C522E289E6DEF00C563CA /* Inter */,
			);
			path = Fonts;
			sourceTree = "<group>";
		};
		427C522E289E6DEF00C563CA /* Inter */ = {
			isa = PBXGroup;
			children = (
				427C5228289E6DC200C563CA /* Inter-Light.otf */,
				420F5C21289E924A00DF1E7B /* Inter-Regular.otf */,
				427C5227289E6DC200C563CA /* Inter-Medium.otf */,
				42BB288C28A0623000641419 /* Inter-SemiBold.otf */,
				427C5229289E6DC200C563CA /* Inter-Bold.otf */,
			);
			path = Inter;
			sourceTree = "<group>";
		};
		42B0FC26289E6B2000BE12BF = {
			isa = PBXGroup;
			children = (
				42B0FC31289E6B2000BE12BF /* ImpulseTask */,
				42B0FC30289E6B2000BE12BF /* Products */,
			);
			sourceTree = "<group>";
		};
		42B0FC30289E6B2000BE12BF /* Products */ = {
			isa = PBXGroup;
			children = (
				42B0FC2F289E6B2000BE12BF /* ImpulseTask.app */,
			);
			name = Products;
			sourceTree = "<group>";
		};
		42B0FC31289E6B2000BE12BF /* ImpulseTask */ = {
			isa = PBXGroup;
			children = (
				42B0FC32289E6B2000BE12BF /* AppDelegate.swift */,
				420F5C2B289FA8FA00DF1E7B /* Router */,
				42BB289028A06AE000641419 /* Coordinators */,
				420F5C28289FA64F00DF1E7B /* Controllers */,
				420F5C20289E911E00DF1E7B /* Screens */,
				42BB289128A06B0600641419 /* Services */,
				427C522D289E6DDF00C563CA /* Fonts */,
				42B0FC3B289E6B2100BE12BF /* Assets.xcassets */,
				42BB289428A06CC900641419 /* LaunchScreen.storyboard */,
				42B0FC40289E6B2100BE12BF /* Info.plist */,
			);
			path = ImpulseTask;
			sourceTree = "<group>";
		};
		42BB289028A06AE000641419 /* Coordinators */ = {
			isa = PBXGroup;
			children = (
				427C522F289E70DA00C563CA /* MainFlowCoordinator.swift */,
			);
			path = Coordinators;
			sourceTree = "<group>";
		};
		42BB289128A06B0600641419 /* Services */ = {
			isa = PBXGroup;
			children = (
				423B007428A030620072D976 /* AlertService.swift */,
			);
			path = Services;
			sourceTree = "<group>";
		};
/* End PBXGroup section */

/* Begin PBXNativeTarget section */
		42B0FC2E289E6B2000BE12BF /* ImpulseTask */ = {
			isa = PBXNativeTarget;
			buildConfigurationList = 42B0FC43289E6B2100BE12BF /* Build configuration list for PBXNativeTarget "ImpulseTask" */;
			buildPhases = (
				42B0FC2B289E6B2000BE12BF /* Sources */,
				42B0FC2C289E6B2000BE12BF /* Frameworks */,
				42B0FC2D289E6B2000BE12BF /* Resources */,
			);
			buildRules = (
			);
			dependencies = (
			);
			name = ImpulseTask;
			productName = ImpulseTask;
			productReference = 42B0FC2F289E6B2000BE12BF /* ImpulseTask.app */;
			productType = "com.apple.product-type.application";
		};
/* End PBXNativeTarget section */

/* Begin PBXProject section */
		42B0FC27289E6B2000BE12BF /* Project object */ = {
			isa = PBXProject;
			attributes = {
				BuildIndependentTargetsInParallel = 1;
				LastSwiftUpdateCheck = 1340;
				LastUpgradeCheck = 1340;
				TargetAttributes = {
					42B0FC2E289E6B2000BE12BF = {
						CreatedOnToolsVersion = 13.4;
					};
				};
			};
			buildConfigurationList = 42B0FC2A289E6B2000BE12BF /* Build configuration list for PBXProject "ImpulseTask" */;
			compatibilityVersion = "Xcode 13.0";
			developmentRegion = en;
			hasScannedForEncodings = 0;
			knownRegions = (
				en,
				Base,
			);
			mainGroup = 42B0FC26289E6B2000BE12BF;
			productRefGroup = 42B0FC30289E6B2000BE12BF /* Products */;
			projectDirPath = "";
			projectRoot = "";
			targets = (
				42B0FC2E289E6B2000BE12BF /* ImpulseTask */,
			);
		};
/* End PBXProject section */

/* Begin PBXResourcesBuildPhase section */
		42B0FC2D289E6B2000BE12BF /* Resources */ = {
			isa = PBXResourcesBuildPhase;
			buildActionMask = 2147483647;
			files = (
				42BB289528A06CC900641419 /* LaunchScreen.storyboard in Resources */,
				427C522C289E6DC200C563CA /* Inter-Bold.otf in Resources */,
				42AE069E289FFA9100838187 /* TimerSceen.xib in Resources */,
				427C522B289E6DC200C563CA /* Inter-Light.otf in Resources */,
				420F5C1F289E911200DF1E7B /* PageScreen.xib in Resources */,
				42BB288D28A062D200641419 /* Inter-SemiBold.otf in Resources */,
				42B0FC3C289E6B2100BE12BF /* Assets.xcassets in Resources */,
				42B0FC47289E6B6800BE12BF /* StartScreen.xib in Resources */,
				427C522A289E6DC200C563CA /* Inter-Medium.otf in Resources */,
			);
			runOnlyForDeploymentPostprocessing = 0;
		};
/* End PBXResourcesBuildPhase section */

/* Begin PBXSourcesBuildPhase section */
		42B0FC2B289E6B2000BE12BF /* Sources */ = {
			isa = PBXSourcesBuildPhase;
			buildActionMask = 2147483647;
			files = (
				42AE06A1289FFEDE00838187 /* TimerViewController.swift in Sources */,
				42B0FC37289E6B2000BE12BF /* StartViewController.swift in Sources */,
				42B0FC33289E6B2000BE12BF /* AppDelegate.swift in Sources */,
				427C5230289E70DA00C563CA /* MainFlowCoordinator.swift in Sources */,
				420F5C2D289FA90700DF1E7B /* Router.swift in Sources */,
				420F5C23289F008600DF1E7B /* PageViewController.swift in Sources */,
				420F5C27289F02CB00DF1E7B /* CaruselViewController.swift in Sources */,
				423B007528A030620072D976 /* AlertService.swift in Sources */,
				420F5C2A289FA8CC00DF1E7B /* MainRouter.swift in Sources */,
			);
			runOnlyForDeploymentPostprocessing = 0;
		};
/* End PBXSourcesBuildPhase section */

/* Begin XCBuildConfiguration section */
		42B0FC41289E6B2100BE12BF /* Debug */ = {
			isa = XCBuildConfiguration;
			buildSettings = {
				ALWAYS_SEARCH_USER_PATHS = NO;
				CLANG_ANALYZER_NONNULL = YES;
				CLANG_ANALYZER_NUMBER_OBJECT_CONVERSION = YES_AGGRESSIVE;
				CLANG_CXX_LANGUAGE_STANDARD = "gnu++17";
				CLANG_ENABLE_MODULES = YES;
				CLANG_ENABLE_OBJC_ARC = YES;
				CLANG_ENABLE_OBJC_WEAK = YES;
				CLANG_WARN_BLOCK_CAPTURE_AUTORELEASING = YES;
				CLANG_WARN_BOOL_CONVERSION = YES;
				CLANG_WARN_COMMA = YES;
				CLANG_WARN_CONSTANT_CONVERSION = YES;
				CLANG_WARN_DEPRECATED_OBJC_IMPLEMENTATIONS = YES;
				CLANG_WARN_DIRECT_OBJC_ISA_USAGE = YES_ERROR;
				CLANG_WARN_DOCUMENTATION_COMMENTS = YES;
				CLANG_WARN_EMPTY_BODY = YES;
				CLANG_WARN_ENUM_CONVERSION = YES;
				CLANG_WARN_INFINITE_RECURSION = YES;
				CLANG_WARN_INT_CONVERSION = YES;
				CLANG_WARN_NON_LITERAL_NULL_CONVERSION = YES;
				CLANG_WARN_OBJC_IMPLICIT_RETAIN_SELF = YES;
				CLANG_WARN_OBJC_LITERAL_CONVERSION = YES;
				CLANG_WARN_OBJC_ROOT_CLASS = YES_ERROR;
				CLANG_WARN_QUOTED_INCLUDE_IN_FRAMEWORK_HEADER = YES;
				CLANG_WARN_RANGE_LOOP_ANALYSIS = YES;
				CLANG_WARN_STRICT_PROTOTYPES = YES;
				CLANG_WARN_SUSPICIOUS_MOVE = YES;
				CLANG_WARN_UNGUARDED_AVAILABILITY = YES_AGGRESSIVE;
				CLANG_WARN_UNREACHABLE_CODE = YES;
				CLANG_WARN__DUPLICATE_METHOD_MATCH = YES;
				COPY_PHASE_STRIP = NO;
				DEBUG_INFORMATION_FORMAT = dwarf;
				ENABLE_STRICT_OBJC_MSGSEND = YES;
				ENABLE_TESTABILITY = YES;
				GCC_C_LANGUAGE_STANDARD = gnu11;
				GCC_DYNAMIC_NO_PIC = NO;
				GCC_NO_COMMON_BLOCKS = YES;
				GCC_OPTIMIZATION_LEVEL = 0;
				GCC_PREPROCESSOR_DEFINITIONS = (
					"DEBUG=1",
					"$(inherited)",
				);
				GCC_WARN_64_TO_32_BIT_CONVERSION = YES;
				GCC_WARN_ABOUT_RETURN_TYPE = YES_ERROR;
				GCC_WARN_UNDECLARED_SELECTOR = YES;
				GCC_WARN_UNINITIALIZED_AUTOS = YES_AGGRESSIVE;
				GCC_WARN_UNUSED_FUNCTION = YES;
				GCC_WARN_UNUSED_VARIABLE = YES;
				IPHONEOS_DEPLOYMENT_TARGET = 15.5;
				MTL_ENABLE_DEBUG_INFO = INCLUDE_SOURCE;
				MTL_FAST_MATH = YES;
				ONLY_ACTIVE_ARCH = YES;
				SDKROOT = iphoneos;
				SWIFT_ACTIVE_COMPILATION_CONDITIONS = DEBUG;
				SWIFT_OPTIMIZATION_LEVEL = "-Onone";
			};
			name = Debug;
		};
		42B0FC42289E6B2100BE12BF /* Release */ = {
			isa = XCBuildConfiguration;
			buildSettings = {
				ALWAYS_SEARCH_USER_PATHS = NO;
				CLANG_ANALYZER_NONNULL = YES;
				CLANG_ANALYZER_NUMBER_OBJECT_CONVERSION = YES_AGGRESSIVE;
				CLANG_CXX_LANGUAGE_STANDARD = "gnu++17";
				CLANG_ENABLE_MODULES = YES;
				CLANG_ENABLE_OBJC_ARC = YES;
				CLANG_ENABLE_OBJC_WEAK = YES;
				CLANG_WARN_BLOCK_CAPTURE_AUTORELEASING = YES;
				CLANG_WARN_BOOL_CONVERSION = YES;
				CLANG_WARN_COMMA = YES;
				CLANG_WARN_CONSTANT_CONVERSION = YES;
				CLANG_WARN_DEPRECATED_OBJC_IMPLEMENTATIONS = YES;
				CLANG_WARN_DIRECT_OBJC_ISA_USAGE = YES_ERROR;
				CLANG_WARN_DOCUMENTATION_COMMENTS = YES;
				CLANG_WARN_EMPTY_BODY = YES;
				CLANG_WARN_ENUM_CONVERSION = YES;
				CLANG_WARN_INFINITE_RECURSION = YES;
				CLANG_WARN_INT_CONVERSION = YES;
				CLANG_WARN_NON_LITERAL_NULL_CONVERSION = YES;
				CLANG_WARN_OBJC_IMPLICIT_RETAIN_SELF = YES;
				CLANG_WARN_OBJC_LITERAL_CONVERSION = YES;
				CLANG_WARN_OBJC_ROOT_CLASS = YES_ERROR;
				CLANG_WARN_QUOTED_INCLUDE_IN_FRAMEWORK_HEADER = YES;
				CLANG_WARN_RANGE_LOOP_ANALYSIS = YES;
				CLANG_WARN_STRICT_PROTOTYPES = YES;
				CLANG_WARN_SUSPICIOUS_MOVE = YES;
				CLANG_WARN_UNGUARDED_AVAILABILITY = YES_AGGRESSIVE;
				CLANG_WARN_UNREACHABLE_CODE = YES;
				CLANG_WARN__DUPLICATE_METHOD_MATCH = YES;
				COPY_PHASE_STRIP = NO;
				DEBUG_INFORMATION_FORMAT = "dwarf-with-dsym";
				ENABLE_NS_ASSERTIONS = NO;
				ENABLE_STRICT_OBJC_MSGSEND = YES;
				GCC_C_LANGUAGE_STANDARD = gnu11;
				GCC_NO_COMMON_BLOCKS = YES;
				GCC_WARN_64_TO_32_BIT_CONVERSION = YES;
				GCC_WARN_ABOUT_RETURN_TYPE = YES_ERROR;
				GCC_WARN_UNDECLARED_SELECTOR = YES;
				GCC_WARN_UNINITIALIZED_AUTOS = YES_AGGRESSIVE;
				GCC_WARN_UNUSED_FUNCTION = YES;
				GCC_WARN_UNUSED_VARIABLE = YES;
				IPHONEOS_DEPLOYMENT_TARGET = 15.5;
				MTL_ENABLE_DEBUG_INFO = NO;
				MTL_FAST_MATH = YES;
				SDKROOT = iphoneos;
				SWIFT_COMPILATION_MODE = wholemodule;
				SWIFT_OPTIMIZATION_LEVEL = "-O";
				VALIDATE_PRODUCT = YES;
			};
			name = Release;
		};
		42B0FC44289E6B2100BE12BF /* Debug */ = {
			isa = XCBuildConfiguration;
			buildSettings = {
				ASSETCATALOG_COMPILER_APPICON_NAME = AppIcon;
				ASSETCATALOG_COMPILER_GLOBAL_ACCENT_COLOR_NAME = AccentColor;
				CODE_SIGN_STYLE = Automatic;
				CURRENT_PROJECT_VERSION = 1;
				DEVELOPMENT_TEAM = Z99V4XXVDP;
				GENERATE_INFOPLIST_FILE = YES;
				INFOPLIST_FILE = ImpulseTask/Info.plist;
				INFOPLIST_KEY_UIApplicationSupportsIndirectInputEvents = YES;
				INFOPLIST_KEY_UILaunchStoryboardName = LaunchScreen;
				INFOPLIST_KEY_UISupportedInterfaceOrientations = UIInterfaceOrientationPortrait;
				INFOPLIST_KEY_UISupportedInterfaceOrientations_iPhone = UIInterfaceOrientationPortrait;
				LD_RUNPATH_SEARCH_PATHS = (
					"$(inherited)",
					"@executable_path/Frameworks",
				);
				MARKETING_VERSION = 1.0;
				PRODUCT_BUNDLE_IDENTIFIER = com.Artemcore.ImpulseTask;
				PRODUCT_NAME = "$(TARGET_NAME)";
				SWIFT_EMIT_LOC_STRINGS = YES;
				SWIFT_VERSION = 5.0;
				TARGETED_DEVICE_FAMILY = 1;
			};
			name = Debug;
		};
		42B0FC45289E6B2100BE12BF /* Release */ = {
			isa = XCBuildConfiguration;
			buildSettings = {
				ASSETCATALOG_COMPILER_APPICON_NAME = AppIcon;
				ASSETCATALOG_COMPILER_GLOBAL_ACCENT_COLOR_NAME = AccentColor;
				CODE_SIGN_STYLE = Automatic;
				CURRENT_PROJECT_VERSION = 1;
				DEVELOPMENT_TEAM = Z99V4XXVDP;
				GENERATE_INFOPLIST_FILE = YES;
				INFOPLIST_FILE = ImpulseTask/Info.plist;
				INFOPLIST_KEY_UIApplicationSupportsIndirectInputEvents = YES;
				INFOPLIST_KEY_UILaunchStoryboardName = LaunchScreen;
				INFOPLIST_KEY_UISupportedInterfaceOrientations = UIInterfaceOrientationPortrait;
				INFOPLIST_KEY_UISupportedInterfaceOrientations_iPhone = UIInterfaceOrientationPortrait;
				LD_RUNPATH_SEARCH_PATHS = (
					"$(inherited)",
					"@executable_path/Frameworks",
				);
				MARKETING_VERSION = 1.0;
				PRODUCT_BUNDLE_IDENTIFIER = com.Artemcore.ImpulseTask;
				PRODUCT_NAME = "$(TARGET_NAME)";
				SWIFT_EMIT_LOC_STRINGS = YES;
				SWIFT_VERSION = 5.0;
				TARGETED_DEVICE_FAMILY = 1;
			};
			name = Release;
		};
/* End XCBuildConfiguration section */

/* Begin XCConfigurationList section */
		42B0FC2A289E6B2000BE12BF /* Build configuration list for PBXProject "ImpulseTask" */ = {
			isa = XCConfigurationList;
			buildConfigurations = (
				42B0FC41289E6B2100BE12BF /* Debug */,
				42B0FC42289E6B2100BE12BF /* Release */,
			);
			defaultConfigurationIsVisible = 0;
			defaultConfigurationName = Release;
		};
		42B0FC43289E6B2100BE12BF /* Build configuration list for PBXNativeTarget "ImpulseTask" */ = {
			isa = XCConfigurationList;
			buildConfigurations = (
				42B0FC44289E6B2100BE12BF /* Debug */,
				42B0FC45289E6B2100BE12BF /* Release */,
			);
			defaultConfigurationIsVisible = 0;
			defaultConfigurationName = Release;
		};
/* End XCConfigurationList section */
	};
	rootObject = 42B0FC27289E6B2000BE12BF /* Project object */;
}
